PODS:
  - ReactNativeRenderer (0.0.1)

DEPENDENCIES:
  - ReactNativeRenderer (from `../ReactNativeRenderer`)

EXTERNAL SOURCES:
  ReactNativeRenderer:
    :path: "../ReactNativeRenderer"

SPEC CHECKSUMS:
  ReactNativeRenderer: b47231527d63a9e9d13d84f2972e0162061f52b4

PODFILE CHECKSUM: 844cb45d98437187abc692f7f22a642feb22a059

COCOAPODS: 1.15.2
